// !$*UTF8*$!
{
	archiveVersion = 1;
	classes = {
	};
	objectVersion = 50;
	objects = {

/* Begin PBXBuildFile section */
		658AB9502182F5D200601D97 /* ProductCell.swift in Sources */ = {isa = PBXBuildFile; fileRef = 658AB94F2182F5D200601D97 /* ProductCell.swift */; };
		658AB9522182F6DD00601D97 /* Product.swift in Sources */ = {isa = PBXBuildFile; fileRef = 658AB9512182F6DD00601D97 /* Product.swift */; };
		658AB9542182FB2100601D97 /* ProductsVC.swift in Sources */ = {isa = PBXBuildFile; fileRef = 658AB9532182FB2100601D97 /* ProductsVC.swift */; };
		659BDC7B218290A00082DE09 /* AppDelegate.swift in Sources */ = {isa = PBXBuildFile; fileRef = 659BDC7A218290A00082DE09 /* AppDelegate.swift */; };
		659BDC7D218290A00082DE09 /* CategoriesVC.swift in Sources */ = {isa = PBXBuildFile; fileRef = 659BDC7C218290A00082DE09 /* CategoriesVC.swift */; };
		659BDC80218290A00082DE09 /* Main.storyboard in Resources */ = {isa = PBXBuildFile; fileRef = 659BDC7E218290A00082DE09 /* Main.storyboard */; };
		659BDC82218290A20082DE09 /* Assets.xcassets in Resources */ = {isa = PBXBuildFile; fileRef = 659BDC81218290A20082DE09 /* Assets.xcassets */; };
		659BDC85218290A20082DE09 /* LaunchScreen.storyboard in Resources */ = {isa = PBXBuildFile; fileRef = 659BDC83218290A20082DE09 /* LaunchScreen.storyboard */; };
		659BDC9221829D120082DE09 /* CategoryCell.swift in Sources */ = {isa = PBXBuildFile; fileRef = 659BDC9121829D120082DE09 /* CategoryCell.swift */; };
		659BDC9421829FFE0082DE09 /* Category.swift in Sources */ = {isa = PBXBuildFile; fileRef = 659BDC9321829FFE0082DE09 /* Category.swift */; };
		659BDC972182A1AA0082DE09 /* DataService.swift in Sources */ = {isa = PBXBuildFile; fileRef = 659BDC962182A1AA0082DE09 /* DataService.swift */; };
/* End PBXBuildFile section */

/* Begin PBXFileReference section */
		658AB94F2182F5D200601D97 /* ProductCell.swift */ = {isa = PBXFileReference; lastKnownFileType = sourcecode.swift; path = ProductCell.swift; sourceTree = "<group>"; };
		658AB9512182F6DD00601D97 /* Product.swift */ = {isa = PBXFileReference; lastKnownFileType = sourcecode.swift; path = Product.swift; sourceTree = "<group>"; };
		658AB9532182FB2100601D97 /* ProductsVC.swift */ = {isa = PBXFileReference; lastKnownFileType = sourcecode.swift; path = ProductsVC.swift; sourceTree = "<group>"; };
		659BDC77218290A00082DE09 /* app-coder-swag.app */ = {isa = PBXFileReference; explicitFileType = wrapper.application; includeInIndex = 0; path = "app-coder-swag.app"; sourceTree = BUILT_PRODUCTS_DIR; };
		659BDC7A218290A00082DE09 /* AppDelegate.swift */ = {isa = PBXFileReference; lastKnownFileType = sourcecode.swift; path = AppDelegate.swift; sourceTree = "<group>"; };
		659BDC7C218290A00082DE09 /* CategoriesVC.swift */ = {isa = PBXFileReference; lastKnownFileType = sourcecode.swift; path = CategoriesVC.swift; sourceTree = "<group>"; };
		659BDC7F218290A00082DE09 /* Base */ = {isa = PBXFileReference; lastKnownFileType = file.storyboard; name = Base; path = Base.lproj/Main.storyboard; sourceTree = "<group>"; };
		659BDC81218290A20082DE09 /* Assets.xcassets */ = {isa = PBXFileReference; lastKnownFileType = folder.assetcatalog; path = Assets.xcassets; sourceTree = "<group>"; };
		659BDC84218290A20082DE09 /* Base */ = {isa = PBXFileReference; lastKnownFileType = file.storyboard; name = Base; path = Base.lproj/LaunchScreen.storyboard; sourceTree = "<group>"; };
		659BDC86218290A20082DE09 /* Info.plist */ = {isa = PBXFileReference; lastKnownFileType = text.plist.xml; path = Info.plist; sourceTree = "<group>"; };
		659BDC9121829D120082DE09 /* CategoryCell.swift */ = {isa = PBXFileReference; lastKnownFileType = sourcecode.swift; path = CategoryCell.swift; sourceTree = "<group>"; };
		659BDC9321829FFE0082DE09 /* Category.swift */ = {isa = PBXFileReference; lastKnownFileType = sourcecode.swift; path = Category.swift; sourceTree = "<group>"; };
		659BDC962182A1AA0082DE09 /* DataService.swift */ = {isa = PBXFileReference; lastKnownFileType = sourcecode.swift; path = DataService.swift; sourceTree = "<group>"; };
/* End PBXFileReference section */

/* Begin PBXFrameworksBuildPhase section */
		659BDC74218290A00082DE09 /* Frameworks */ = {
			isa = PBXFrameworksBuildPhase;
			buildActionMask = 2147483647;
			files = (
			);
			runOnlyForDeploymentPostprocessing = 0;
		};
/* End PBXFrameworksBuildPhase section */

/* Begin PBXGroup section */
		659BDC6E218290A00082DE09 = {
			isa = PBXGroup;
			children = (
				659BDC79218290A00082DE09 /* app-coder-swag */,
				659BDC78218290A00082DE09 /* Products */,
			);
			sourceTree = "<group>";
		};
		659BDC78218290A00082DE09 /* Products */ = {
			isa = PBXGroup;
			children = (
				659BDC77218290A00082DE09 /* app-coder-swag.app */,
			);
			name = Products;
			sourceTree = "<group>";
		};
		659BDC79218290A00082DE09 /* app-coder-swag */ = {
			isa = PBXGroup;
			children = (
				659BDC952182A19A0082DE09 /* Services */,
				659BDC8E21829AEA0082DE09 /* Views */,
				659BDC8D21829AE10082DE09 /* Models */,
				659BDC8C218291860082DE09 /* Controllers */,
				659BDC7A218290A00082DE09 /* AppDelegate.swift */,
				659BDC7E218290A00082DE09 /* Main.storyboard */,
				659BDC81218290A20082DE09 /* Assets.xcassets */,
				659BDC83218290A20082DE09 /* LaunchScreen.storyboard */,
				659BDC86218290A20082DE09 /* Info.plist */,
			);
			path = "app-coder-swag";
			sourceTree = "<group>";
		};
		659BDC8C218291860082DE09 /* Controllers */ = {
			isa = PBXGroup;
			children = (
				659BDC7C218290A00082DE09 /* CategoriesVC.swift */,
				658AB9532182FB2100601D97 /* ProductsVC.swift */,
			);
			path = Controllers;
			sourceTree = "<group>";
		};
		659BDC8D21829AE10082DE09 /* Models */ = {
			isa = PBXGroup;
			children = (
				659BDC9321829FFE0082DE09 /* Category.swift */,
				658AB9512182F6DD00601D97 /* Product.swift */,
			);
			path = Models;
			sourceTree = "<group>";
		};
		659BDC8E21829AEA0082DE09 /* Views */ = {
			isa = PBXGroup;
			children = (
				659BDC9121829D120082DE09 /* CategoryCell.swift */,
				658AB94F2182F5D200601D97 /* ProductCell.swift */,
			);
			path = Views;
			sourceTree = "<group>";
		};
		659BDC952182A19A0082DE09 /* Services */ = {
			isa = PBXGroup;
			children = (
				659BDC962182A1AA0082DE09 /* DataService.swift */,
			);
			path = Services;
			sourceTree = "<group>";
		};
/* End PBXGroup section */

/* Begin PBXNativeTarget section */
		659BDC76218290A00082DE09 /* app-coder-swag */ = {
			isa = PBXNativeTarget;
			buildConfigurationList = 659BDC89218290A20082DE09 /* Build configuration list for PBXNativeTarget "app-coder-swag" */;
			buildPhases = (
				659BDC73218290A00082DE09 /* Sources */,
				659BDC74218290A00082DE09 /* Frameworks */,
				659BDC75218290A00082DE09 /* Resources */,
			);
			buildRules = (
			);
			dependencies = (
			);
			name = "app-coder-swag";
			productName = "app-coder-swag";
			productReference = 659BDC77218290A00082DE09 /* app-coder-swag.app */;
			productType = "com.apple.product-type.application";
		};
/* End PBXNativeTarget section */

/* Begin PBXProject section */
		659BDC6F218290A00082DE09 /* Project object */ = {
			isa = PBXProject;
			attributes = {
				LastSwiftUpdateCheck = 1000;
				LastUpgradeCheck = 1000;
				ORGANIZATIONNAME = "Derek Meyer";
				TargetAttributes = {
					659BDC76218290A00082DE09 = {
						CreatedOnToolsVersion = 10.0;
					};
				};
			};
			buildConfigurationList = 659BDC72218290A00082DE09 /* Build configuration list for PBXProject "app-coder-swag" */;
			compatibilityVersion = "Xcode 9.3";
			developmentRegion = en;
			hasScannedForEncodings = 0;
			knownRegions = (
				en,
				Base,
			);
			mainGroup = 659BDC6E218290A00082DE09;
			productRefGroup = 659BDC78218290A00082DE09 /* Products */;
			projectDirPath = "";
			projectRoot = "";
			targets = (
				659BDC76218290A00082DE09 /* app-coder-swag */,
			);
		};
/* End PBXProject section */

/* Begin PBXResourcesBuildPhase section */
		659BDC75218290A00082DE09 /* Resources */ = {
			isa = PBXResourcesBuildPhase;
			buildActionMask = 2147483647;
			files = (
				659BDC85218290A20082DE09 /* LaunchScreen.storyboard in Resources */,
				659BDC82218290A20082DE09 /* Assets.xcassets in Resources */,
				659BDC80218290A00082DE09 /* Main.storyboard in Resources */,
			);
			runOnlyForDeploymentPostprocessing = 0;
		};
/* End PBXResourcesBuildPhase section */

/* Begin PBXSourcesBuildPhase section */
		659BDC73218290A00082DE09 /* Sources */ = {
			isa = PBXSourcesBuildPhase;
			buildActionMask = 2147483647;
			files = (
				658AB9542182FB2100601D97 /* ProductsVC.swift in Sources */,
				659BDC7D218290A00082DE09 /* CategoriesVC.swift in Sources */,
				659BDC7B218290A00082DE09 /* AppDelegate.swift in Sources */,
				659BDC9221829D120082DE09 /* CategoryCell.swift in Sources */,
				658AB9502182F5D200601D97 /* ProductCell.swift in Sources */,
				659BDC9421829FFE0082DE09 /* Category.swift in Sources */,
				659BDC972182A1AA0082DE09 /* DataService.swift in Sources */,
				658AB9522182F6DD00601D97 /* Product.swift in Sources */,
			);
			runOnlyForDeploymentPostprocessing = 0;
		};
/* End PBXSourcesBuildPhase section */

/* Begin PBXVariantGroup section */
		659BDC7E218290A00082DE09 /* Main.storyboard */ = {
			isa = PBXVariantGroup;
			children = (
				659BDC7F218290A00082DE09 /* Base */,
			);
			name = Main.storyboard;
			sourceTree = "<group>";
		};
		659BDC83218290A20082DE09 /* LaunchScreen.storyboard */ = {
			isa = PBXVariantGroup;
			children = (
				659BDC84218290A20082DE09 /* Base */,
			);
			name = LaunchScreen.storyboard;
			sourceTree = "<group>";
		};
/* End PBXVariantGroup section */

/* Begin XCBuildConfiguration section */
		659BDC87218290A20082DE09 /* Debug */ = {
			isa = XCBuildConfiguration;
			buildSettings = {
				ALWAYS_SEARCH_USER_PATHS = NO;
				CLANG_ANALYZER_NONNULL = YES;
				CLANG_ANALYZER_NUMBER_OBJECT_CONVERSION = YES_AGGRESSIVE;
				CLANG_CXX_LANGUAGE_STANDARD = "gnu++14";
				CLANG_CXX_LIBRARY = "libc++";
				CLANG_ENABLE_MODULES = YES;
				CLANG_ENABLE_OBJC_ARC = YES;
				CLANG_ENABLE_OBJC_WEAK = YES;
				CLANG_WARN_BLOCK_CAPTURE_AUTORELEASING = YES;
				CLANG_WARN_BOOL_CONVERSION = YES;
				CLANG_WARN_COMMA = YES;
				CLANG_WARN_CONSTANT_CONVERSION = YES;
				CLANG_WARN_DEPRECATED_OBJC_IMPLEMENTATIONS = YES;
				CLANG_WARN_DIRECT_OBJC_ISA_USAGE = YES_ERROR;
				CLANG_WARN_DOCUMENTATION_COMMENTS = YES;
				CLANG_WARN_EMPTY_BODY = YES;
				CLANG_WARN_ENUM_CONVERSION = YES;
				CLANG_WARN_INFINITE_RECURSION = YES;
				CLANG_WARN_INT_CONVERSION = YES;
				CLANG_WARN_NON_LITERAL_NULL_CONVERSION = YES;
				CLANG_WARN_OBJC_IMPLICIT_RETAIN_SELF = YES;
				CLANG_WARN_OBJC_LITERAL_CONVERSION = YES;
				CLANG_WARN_OBJC_ROOT_CLASS = YES_ERROR;
				CLANG_WARN_RANGE_LOOP_ANALYSIS = YES;
				CLANG_WARN_STRICT_PROTOTYPES = YES;
				CLANG_WARN_SUSPICIOUS_MOVE = YES;
				CLANG_WARN_UNGUARDED_AVAILABILITY = YES_AGGRESSIVE;
				CLANG_WARN_UNREACHABLE_CODE = YES;
				CLANG_WARN__DUPLICATE_METHOD_MATCH = YES;
				CODE_SIGN_IDENTITY = "iPhone Developer";
				COPY_PHASE_STRIP = NO;
				DEBUG_INFORMATION_FORMAT = dwarf;
				ENABLE_STRICT_OBJC_MSGSEND = YES;
				ENABLE_TESTABILITY = YES;
				GCC_C_LANGUAGE_STANDARD = gnu11;
				GCC_DYNAMIC_NO_PIC = NO;
				GCC_NO_COMMON_BLOCKS = YES;
				GCC_OPTIMIZATION_LEVEL = 0;
				GCC_PREPROCESSOR_DEFINITIONS = (
					"DEBUG=1",
					"$(inherited)",
				);
				GCC_WARN_64_TO_32_BIT_CONVERSION = YES;
				GCC_WARN_ABOUT_RETURN_TYPE = YES_ERROR;
				GCC_WARN_UNDECLARED_SELECTOR = YES;
				GCC_WARN_UNINITIALIZED_AUTOS = YES_AGGRESSIVE;
				GCC_WARN_UNUSED_FUNCTION = YES;
				GCC_WARN_UNUSED_VARIABLE = YES;
				IPHONEOS_DEPLOYMENT_TARGET = 12.0;
				MTL_ENABLE_DEBUG_INFO = INCLUDE_SOURCE;
				MTL_FAST_MATH = YES;
				ONLY_ACTIVE_ARCH = YES;
				SDKROOT = iphoneos;
				SWIFT_ACTIVE_COMPILATION_CONDITIONS = DEBUG;
				SWIFT_OPTIMIZATION_LEVEL = "-Onone";
			};
			name = Debug;
		};
		659BDC88218290A20082DE09 /* Release */ = {
			isa = XCBuildConfiguration;
			buildSettings = {
				ALWAYS_SEARCH_USER_PATHS = NO;
				CLANG_ANALYZER_NONNULL = YES;
				CLANG_ANALYZER_NUMBER_OBJECT_CONVERSION = YES_AGGRESSIVE;
				CLANG_CXX_LANGUAGE_STANDARD = "gnu++14";
				CLANG_CXX_LIBRARY = "libc++";
				CLANG_ENABLE_MODULES = YES;
				CLANG_ENABLE_OBJC_ARC = YES;
				CLANG_ENABLE_OBJC_WEAK = YES;
				CLANG_WARN_BLOCK_CAPTURE_AUTORELEASING = YES;
				CLANG_WARN_BOOL_CONVERSION = YES;
				CLANG_WARN_COMMA = YES;
				CLANG_WARN_CONSTANT_CONVERSION = YES;
				CLANG_WARN_DEPRECATED_OBJC_IMPLEMENTATIONS = YES;
				CLANG_WARN_DIRECT_OBJC_ISA_USAGE = YES_ERROR;
				CLANG_WARN_DOCUMENTATION_COMMENTS = YES;
				CLANG_WARN_EMPTY_BODY = YES;
				CLANG_WARN_ENUM_CONVERSION = YES;
				CLANG_WARN_INFINITE_RECURSION = YES;
				CLANG_WARN_INT_CONVERSION = YES;
				CLANG_WARN_NON_LITERAL_NULL_CONVERSION = YES;
				CLANG_WARN_OBJC_IMPLICIT_RETAIN_SELF = YES;
				CLANG_WARN_OBJC_LITERAL_CONVERSION = YES;
				CLANG_WARN_OBJC_ROOT_CLASS = YES_ERROR;
				CLANG_WARN_RANGE_LOOP_ANALYSIS = YES;
				CLANG_WARN_STRICT_PROTOTYPES = YES;
				CLANG_WARN_SUSPICIOUS_MOVE = YES;
				CLANG_WARN_UNGUARDED_AVAILABILITY = YES_AGGRESSIVE;
				CLANG_WARN_UNREACHABLE_CODE = YES;
				CLANG_WARN__DUPLICATE_METHOD_MATCH = YES;
				CODE_SIGN_IDENTITY = "iPhone Developer";
				COPY_PHASE_STRIP = NO;
				DEBUG_INFORMATION_FORMAT = "dwarf-with-dsym";
				ENABLE_NS_ASSERTIONS = NO;
				ENABLE_STRICT_OBJC_MSGSEND = YES;
				GCC_C_LANGUAGE_STANDARD = gnu11;
				GCC_NO_COMMON_BLOCKS = YES;
				GCC_WARN_64_TO_32_BIT_CONVERSION = YES;
				GCC_WARN_ABOUT_RETURN_TYPE = YES_ERROR;
				GCC_WARN_UNDECLARED_SELECTOR = YES;
				GCC_WARN_UNINITIALIZED_AUTOS = YES_AGGRESSIVE;
				GCC_WARN_UNUSED_FUNCTION = YES;
				GCC_WARN_UNUSED_VARIABLE = YES;
				IPHONEOS_DEPLOYMENT_TARGET = 12.0;
				MTL_ENABLE_DEBUG_INFO = NO;
				MTL_FAST_MATH = YES;
				SDKROOT = iphoneos;
				SWIFT_COMPILATION_MODE = wholemodule;
				SWIFT_OPTIMIZATION_LEVEL = "-O";
				VALIDATE_PRODUCT = YES;
			};
			name = Release;
		};
		659BDC8A218290A20082DE09 /* Debug */ = {
			isa = XCBuildConfiguration;
			buildSettings = {
				ASSETCATALOG_COMPILER_APPICON_NAME = AppIcon;
				CODE_SIGN_STYLE = Automatic;
				DEVELOPMENT_TEAM = 24X9YLQ2SP;
				INFOPLIST_FILE = "app-coder-swag/Info.plist";
				LD_RUNPATH_SEARCH_PATHS = (
					"$(inherited)",
					"@executable_path/Frameworks",
				);
				PRODUCT_BUNDLE_IDENTIFIER = "com.meyerpro.kenmore.app-coder-swag";
				PRODUCT_NAME = "$(TARGET_NAME)";
				SWIFT_VERSION = 4.2;
				TARGETED_DEVICE_FAMILY = "1,2";
			};
			name = Debug;
		};
		659BDC8B218290A20082DE09 /* Release */ = {
			isa = XCBuildConfiguration;
			buildSettings = {
				ASSETCATALOG_COMPILER_APPICON_NAME = AppIcon;
				CODE_SIGN_STYLE = Automatic;
				DEVELOPMENT_TEAM = 24X9YLQ2SP;
				INFOPLIST_FILE = "app-coder-swag/Info.plist";
				LD_RUNPATH_SEARCH_PATHS = (
					"$(inherited)",
					"@executable_path/Frameworks",
				);
				PRODUCT_BUNDLE_IDENTIFIER = "com.meyerpro.kenmore.app-coder-swag";
				PRODUCT_NAME = "$(TARGET_NAME)";
				SWIFT_VERSION = 4.2;
				TARGETED_DEVICE_FAMILY = "1,2";
			};
			name = Release;
		};
/* End XCBuildConfiguration section */

/* Begin XCConfigurationList section */
		659BDC72218290A00082DE09 /* Build configuration list for PBXProject "app-coder-swag" */ = {
			isa = XCConfigurationList;
			buildConfigurations = (
				659BDC87218290A20082DE09 /* Debug */,
				659BDC88218290A20082DE09 /* Release */,
			);
			defaultConfigurationIsVisible = 0;
			defaultConfigurationName = Release;
		};
		659BDC89218290A20082DE09 /* Build configuration list for PBXNativeTarget "app-coder-swag" */ = {
			isa = XCConfigurationList;
			buildConfigurations = (
				659BDC8A218290A20082DE09 /* Debug */,
				659BDC8B218290A20082DE09 /* Release */,
			);
			defaultConfigurationIsVisible = 0;
			defaultConfigurationName = Release;
		};
/* End XCConfigurationList section */
	};
	rootObject = 659BDC6F218290A00082DE09 /* Project object */;
}
